
Microsoft Visual Studio Solution File, Format Version 12.00
# Visual Studio 14
VisualStudioVersion = 14.0.25420.1
MinimumVisualStudioVersion = 10.0.40219.1
Project("{FAE04EC0-301F-11D3-BF4B-00C04F79EFBC}") = "isrConsole", "isrConsole\isrConsole.csproj", "{B5A5C1EE-7E59-4078-A45F-179041E599AA}"
EndProject
Global
	GlobalSection(SolutionConfigurationPlatforms) = preSolution
		Debug|Any CPU = Debug|Any CPU
		Release|Any CPU = Release|Any CPU
	EndGlobalSection
	GlobalSection(ProjectConfigurationPlatforms) = postSolution
		{B5A5C1EE-7E59-4078-A45F-179041E599AA}.Debug|Any CPU.ActiveCfg = Debug|Any CPU
		{B5A5C1EE-7E59-4078-A45F-179041E599AA}.Debug|Any CPU.Build.0 = Debug|Any CPU
		{B5A5C1EE-7E59-4078-A45F-179041E599AA}.Release|Any CPU.ActiveCfg = Release|Any CPU
		{B5A5C1EE-7E59-4078-A45F-179041E599AA}.Release|Any CPU.Build.0 = Release|Any CPU
	EndGlobalSection
	GlobalSection(SolutionProperties) = preSolution
		HideSolutionNode = FALSE
	EndGlobalSection
EndGlobal
